
Microsoft Visual Studio Solution File, Format Version 12.00
# Visual Studio 2012
Project("{FAE04EC0-301F-11D3-BF4B-00C04F79EFBC}") = "SoftFluent.Samples.CustomTemplateEngine", "SoftFluent.Samples.CustomTemplateEngine\SoftFluent.Samples.CustomTemplateEngine.csproj", "{EA129B85-A219-400E-8742-CCD70EFBC530}"
EndProject
Global
	GlobalSection(SolutionConfigurationPlatforms) = preSolution
		Debug|Any CPU = Debug|Any CPU
		Release|Any CPU = Release|Any CPU
	EndGlobalSection
	GlobalSection(ProjectConfigurationPlatforms) = postSolution
		{EA129B85-A219-400E-8742-CCD70EFBC530}.Debug|Any CPU.ActiveCfg = Debug|Any CPU
		{EA129B85-A219-400E-8742-CCD70EFBC530}.Debug|Any CPU.Build.0 = Debug|Any CPU
		{EA129B85-A219-400E-8742-CCD70EFBC530}.Release|Any CPU.ActiveCfg = Release|Any CPU
		{EA129B85-A219-400E-8742-CCD70EFBC530}.Release|Any CPU.Build.0 = Release|Any CPU
	EndGlobalSection
	GlobalSection(SolutionProperties) = preSolution
		HideSolutionNode = FALSE
	EndGlobalSection
EndGlobal
