
Microsoft Visual Studio Solution File, Format Version 12.00
# Visual Studio 2013
VisualStudioVersion = 12.0.30501.0
MinimumVisualStudioVersion = 10.0.40219.1
Project("{FAE04EC0-301F-11D3-BF4B-00C04F79EFBC}") = "SoftFluent.Samples.ExtendedSearch", "SoftFluent.Samples.ExtendedSearch\SoftFluent.Samples.ExtendedSearch.csproj", "{1F9BACFE-2BAC-4681-9DB9-921514788641}"
EndProject
Project("{FAE04EC0-301F-11D3-BF4B-00C04F79EFBC}") = "SoftFluent.Samples.ExtendedSearch.Aspects", "SoftFluent.Samples.ExtendedSearch.Aspects\SoftFluent.Samples.ExtendedSearch.Aspects.csproj", "{24999124-F250-4500-A03C-FD3A67CF5969}"
EndProject
Project("{00000005-0004-0000-0000-000000C0DEF1}") = "SoftFluent.Samples.ExtendedSearch.Model", "SoftFluent.Samples.ExtendedSearch.Model\SoftFluent.Samples.ExtendedSearch.Model.cfxproj", "{1FABABA0-6A98-4F46-8692-BAE2CAF9B44F}"
EndProject
Global
	GlobalSection(SolutionConfigurationPlatforms) = preSolution
		Debug|.NET = Debug|.NET
		Debug|Any CPU = Debug|Any CPU
		Debug|Mixed Platforms = Debug|Mixed Platforms
		Release|.NET = Release|.NET
		Release|Any CPU = Release|Any CPU
		Release|Mixed Platforms = Release|Mixed Platforms
	EndGlobalSection
	GlobalSection(ProjectConfigurationPlatforms) = postSolution
		{1F9BACFE-2BAC-4681-9DB9-921514788641}.Debug|.NET.ActiveCfg = Debug|Any CPU
		{1F9BACFE-2BAC-4681-9DB9-921514788641}.Debug|Any CPU.ActiveCfg = Debug|Any CPU
		{1F9BACFE-2BAC-4681-9DB9-921514788641}.Debug|Any CPU.Build.0 = Debug|Any CPU
		{1F9BACFE-2BAC-4681-9DB9-921514788641}.Debug|Mixed Platforms.ActiveCfg = Debug|Any CPU
		{1F9BACFE-2BAC-4681-9DB9-921514788641}.Debug|Mixed Platforms.Build.0 = Debug|Any CPU
		{1F9BACFE-2BAC-4681-9DB9-921514788641}.Release|.NET.ActiveCfg = Release|Any CPU
		{1F9BACFE-2BAC-4681-9DB9-921514788641}.Release|Any CPU.ActiveCfg = Release|Any CPU
		{1F9BACFE-2BAC-4681-9DB9-921514788641}.Release|Any CPU.Build.0 = Release|Any CPU
		{1F9BACFE-2BAC-4681-9DB9-921514788641}.Release|Mixed Platforms.ActiveCfg = Release|Any CPU
		{1F9BACFE-2BAC-4681-9DB9-921514788641}.Release|Mixed Platforms.Build.0 = Release|Any CPU
		{24999124-F250-4500-A03C-FD3A67CF5969}.Debug|.NET.ActiveCfg = Debug|Any CPU
		{24999124-F250-4500-A03C-FD3A67CF5969}.Debug|Any CPU.ActiveCfg = Debug|Any CPU
		{24999124-F250-4500-A03C-FD3A67CF5969}.Debug|Any CPU.Build.0 = Debug|Any CPU
		{24999124-F250-4500-A03C-FD3A67CF5969}.Debug|Mixed Platforms.ActiveCfg = Debug|Any CPU
		{24999124-F250-4500-A03C-FD3A67CF5969}.Debug|Mixed Platforms.Build.0 = Debug|Any CPU
		{24999124-F250-4500-A03C-FD3A67CF5969}.Release|.NET.ActiveCfg = Release|Any CPU
		{24999124-F250-4500-A03C-FD3A67CF5969}.Release|Any CPU.ActiveCfg = Release|Any CPU
		{24999124-F250-4500-A03C-FD3A67CF5969}.Release|Any CPU.Build.0 = Release|Any CPU
		{24999124-F250-4500-A03C-FD3A67CF5969}.Release|Mixed Platforms.ActiveCfg = Release|Any CPU
		{24999124-F250-4500-A03C-FD3A67CF5969}.Release|Mixed Platforms.Build.0 = Release|Any CPU
		{1FABABA0-6A98-4F46-8692-BAE2CAF9B44F}.Debug|.NET.ActiveCfg = Release|.NET
		{1FABABA0-6A98-4F46-8692-BAE2CAF9B44F}.Debug|.NET.Build.0 = Release|.NET
		{1FABABA0-6A98-4F46-8692-BAE2CAF9B44F}.Debug|Any CPU.ActiveCfg = Release|.NET
		{1FABABA0-6A98-4F46-8692-BAE2CAF9B44F}.Debug|Mixed Platforms.ActiveCfg = Release|.NET
		{1FABABA0-6A98-4F46-8692-BAE2CAF9B44F}.Debug|Mixed Platforms.Build.0 = Release|.NET
		{1FABABA0-6A98-4F46-8692-BAE2CAF9B44F}.Release|.NET.ActiveCfg = Release|.NET
		{1FABABA0-6A98-4F46-8692-BAE2CAF9B44F}.Release|.NET.Build.0 = Release|.NET
		{1FABABA0-6A98-4F46-8692-BAE2CAF9B44F}.Release|Any CPU.ActiveCfg = Release|.NET
		{1FABABA0-6A98-4F46-8692-BAE2CAF9B44F}.Release|Mixed Platforms.ActiveCfg = Release|.NET
		{1FABABA0-6A98-4F46-8692-BAE2CAF9B44F}.Release|Mixed Platforms.Build.0 = Release|.NET
	EndGlobalSection
	GlobalSection(SolutionProperties) = preSolution
		HideSolutionNode = FALSE
	EndGlobalSection
EndGlobal
