
Microsoft Visual Studio Solution File, Format Version 12.00
# Visual Studio 2013
VisualStudioVersion = 12.0.30501.0
MinimumVisualStudioVersion = 10.0.40219.1
Project("{262852C6-CD72-467D-83FE-5EEB1973A190}") = "SoftFluent.Samples.CordovaTodoMobile", "SoftFluent.Samples.CordovaTodoMobile\SoftFluent.Samples.CordovaTodoMobile.jsproj", "{5B12E51B-E1C4-45E8-8E34-A0BC89182639}"
EndProject
Project("{00000005-0004-0000-0000-000000C0DEF1}") = "SoftFluent.Samples.CordovaTodoMobile.Model", "SoftFluent.Samples.CordovaTodoMobile.Model\SoftFluent.Samples.CordovaTodoMobile.Model.cfxproj", "{63DA16A5-AE27-442B-B0E3-828FA48EE7F5}"
EndProject
Global
	GlobalSection(SolutionConfigurationPlatforms) = preSolution
		Debug|.NET = Debug|.NET
		Debug|Android = Debug|Android
		Debug|iOS = Debug|iOS
		Debug|Mixed Platforms = Debug|Mixed Platforms
		Debug|Windows Phone = Debug|Windows Phone
		Debug|Windows-AnyCPU = Debug|Windows-AnyCPU
		Debug|Windows-ARM = Debug|Windows-ARM
		Debug|Windows-x64 = Debug|Windows-x64
		Debug|Windows-x86 = Debug|Windows-x86
		Distribution|.NET = Distribution|.NET
		Distribution|Android = Distribution|Android
		Distribution|iOS = Distribution|iOS
		Distribution|Mixed Platforms = Distribution|Mixed Platforms
		Distribution|Windows Phone = Distribution|Windows Phone
		Distribution|Windows-AnyCPU = Distribution|Windows-AnyCPU
		Distribution|Windows-ARM = Distribution|Windows-ARM
		Distribution|Windows-x64 = Distribution|Windows-x64
		Distribution|Windows-x86 = Distribution|Windows-x86
		Release|.NET = Release|.NET
		Release|Android = Release|Android
		Release|iOS = Release|iOS
		Release|Mixed Platforms = Release|Mixed Platforms
		Release|Windows Phone = Release|Windows Phone
		Release|Windows-AnyCPU = Release|Windows-AnyCPU
		Release|Windows-ARM = Release|Windows-ARM
		Release|Windows-x64 = Release|Windows-x64
		Release|Windows-x86 = Release|Windows-x86
	EndGlobalSection
	GlobalSection(ProjectConfigurationPlatforms) = postSolution
		{5B12E51B-E1C4-45E8-8E34-A0BC89182639}.Debug|.NET.ActiveCfg = Debug|Android
		{5B12E51B-E1C4-45E8-8E34-A0BC89182639}.Debug|Android.ActiveCfg = Debug|Android
		{5B12E51B-E1C4-45E8-8E34-A0BC89182639}.Debug|Android.Build.0 = Debug|Android
		{5B12E51B-E1C4-45E8-8E34-A0BC89182639}.Debug|Android.Deploy.0 = Debug|Android
		{5B12E51B-E1C4-45E8-8E34-A0BC89182639}.Debug|iOS.ActiveCfg = Debug|iOS
		{5B12E51B-E1C4-45E8-8E34-A0BC89182639}.Debug|iOS.Build.0 = Debug|iOS
		{5B12E51B-E1C4-45E8-8E34-A0BC89182639}.Debug|iOS.Deploy.0 = Debug|iOS
		{5B12E51B-E1C4-45E8-8E34-A0BC89182639}.Debug|Mixed Platforms.ActiveCfg = Debug|Android
		{5B12E51B-E1C4-45E8-8E34-A0BC89182639}.Debug|Mixed Platforms.Build.0 = Debug|Android
		{5B12E51B-E1C4-45E8-8E34-A0BC89182639}.Debug|Mixed Platforms.Deploy.0 = Debug|Android
		{5B12E51B-E1C4-45E8-8E34-A0BC89182639}.Debug|Windows Phone.ActiveCfg = Debug|Windows Phone
		{5B12E51B-E1C4-45E8-8E34-A0BC89182639}.Debug|Windows Phone.Build.0 = Debug|Windows Phone
		{5B12E51B-E1C4-45E8-8E34-A0BC89182639}.Debug|Windows Phone.Deploy.0 = Debug|Windows Phone
		{5B12E51B-E1C4-45E8-8E34-A0BC89182639}.Debug|Windows-AnyCPU.ActiveCfg = Debug|Windows-AnyCPU
		{5B12E51B-E1C4-45E8-8E34-A0BC89182639}.Debug|Windows-AnyCPU.Build.0 = Debug|Windows-AnyCPU
		{5B12E51B-E1C4-45E8-8E34-A0BC89182639}.Debug|Windows-AnyCPU.Deploy.0 = Debug|Windows-AnyCPU
		{5B12E51B-E1C4-45E8-8E34-A0BC89182639}.Debug|Windows-ARM.ActiveCfg = Debug|Windows-ARM
		{5B12E51B-E1C4-45E8-8E34-A0BC89182639}.Debug|Windows-ARM.Build.0 = Debug|Windows-ARM
		{5B12E51B-E1C4-45E8-8E34-A0BC89182639}.Debug|Windows-ARM.Deploy.0 = Debug|Windows-ARM
		{5B12E51B-E1C4-45E8-8E34-A0BC89182639}.Debug|Windows-x64.ActiveCfg = Debug|Windows-x64
		{5B12E51B-E1C4-45E8-8E34-A0BC89182639}.Debug|Windows-x64.Build.0 = Debug|Windows-x64
		{5B12E51B-E1C4-45E8-8E34-A0BC89182639}.Debug|Windows-x64.Deploy.0 = Debug|Windows-x64
		{5B12E51B-E1C4-45E8-8E34-A0BC89182639}.Debug|Windows-x86.ActiveCfg = Debug|Windows-x86
		{5B12E51B-E1C4-45E8-8E34-A0BC89182639}.Debug|Windows-x86.Build.0 = Debug|Windows-x86
		{5B12E51B-E1C4-45E8-8E34-A0BC89182639}.Debug|Windows-x86.Deploy.0 = Debug|Windows-x86
		{5B12E51B-E1C4-45E8-8E34-A0BC89182639}.Distribution|.NET.ActiveCfg = Distribution|Android
		{5B12E51B-E1C4-45E8-8E34-A0BC89182639}.Distribution|Android.ActiveCfg = Distribution|Android
		{5B12E51B-E1C4-45E8-8E34-A0BC89182639}.Distribution|Android.Build.0 = Distribution|Android
		{5B12E51B-E1C4-45E8-8E34-A0BC89182639}.Distribution|Android.Deploy.0 = Distribution|Android
		{5B12E51B-E1C4-45E8-8E34-A0BC89182639}.Distribution|iOS.ActiveCfg = Distribution|iOS
		{5B12E51B-E1C4-45E8-8E34-A0BC89182639}.Distribution|iOS.Build.0 = Distribution|iOS
		{5B12E51B-E1C4-45E8-8E34-A0BC89182639}.Distribution|iOS.Deploy.0 = Distribution|iOS
		{5B12E51B-E1C4-45E8-8E34-A0BC89182639}.Distribution|Mixed Platforms.ActiveCfg = Distribution|Android
		{5B12E51B-E1C4-45E8-8E34-A0BC89182639}.Distribution|Mixed Platforms.Build.0 = Distribution|Android
		{5B12E51B-E1C4-45E8-8E34-A0BC89182639}.Distribution|Mixed Platforms.Deploy.0 = Distribution|Android
		{5B12E51B-E1C4-45E8-8E34-A0BC89182639}.Distribution|Windows Phone.ActiveCfg = Distribution|Windows Phone
		{5B12E51B-E1C4-45E8-8E34-A0BC89182639}.Distribution|Windows Phone.Build.0 = Distribution|Windows Phone
		{5B12E51B-E1C4-45E8-8E34-A0BC89182639}.Distribution|Windows Phone.Deploy.0 = Distribution|Windows Phone
		{5B12E51B-E1C4-45E8-8E34-A0BC89182639}.Distribution|Windows-AnyCPU.ActiveCfg = Distribution|Windows-AnyCPU
		{5B12E51B-E1C4-45E8-8E34-A0BC89182639}.Distribution|Windows-AnyCPU.Build.0 = Distribution|Windows-AnyCPU
		{5B12E51B-E1C4-45E8-8E34-A0BC89182639}.Distribution|Windows-AnyCPU.Deploy.0 = Distribution|Windows-AnyCPU
		{5B12E51B-E1C4-45E8-8E34-A0BC89182639}.Distribution|Windows-ARM.ActiveCfg = Distribution|Windows-ARM
		{5B12E51B-E1C4-45E8-8E34-A0BC89182639}.Distribution|Windows-ARM.Build.0 = Distribution|Windows-ARM
		{5B12E51B-E1C4-45E8-8E34-A0BC89182639}.Distribution|Windows-ARM.Deploy.0 = Distribution|Windows-ARM
		{5B12E51B-E1C4-45E8-8E34-A0BC89182639}.Distribution|Windows-x64.ActiveCfg = Distribution|Windows-x64
		{5B12E51B-E1C4-45E8-8E34-A0BC89182639}.Distribution|Windows-x64.Build.0 = Distribution|Windows-x64
		{5B12E51B-E1C4-45E8-8E34-A0BC89182639}.Distribution|Windows-x64.Deploy.0 = Distribution|Windows-x64
		{5B12E51B-E1C4-45E8-8E34-A0BC89182639}.Distribution|Windows-x86.ActiveCfg = Distribution|Windows-x86
		{5B12E51B-E1C4-45E8-8E34-A0BC89182639}.Distribution|Windows-x86.Build.0 = Distribution|Windows-x86
		{5B12E51B-E1C4-45E8-8E34-A0BC89182639}.Distribution|Windows-x86.Deploy.0 = Distribution|Windows-x86
		{5B12E51B-E1C4-45E8-8E34-A0BC89182639}.Release|.NET.ActiveCfg = Release|Android
		{5B12E51B-E1C4-45E8-8E34-A0BC89182639}.Release|Android.ActiveCfg = Release|Android
		{5B12E51B-E1C4-45E8-8E34-A0BC89182639}.Release|Android.Build.0 = Release|Android
		{5B12E51B-E1C4-45E8-8E34-A0BC89182639}.Release|Android.Deploy.0 = Release|Android
		{5B12E51B-E1C4-45E8-8E34-A0BC89182639}.Release|iOS.ActiveCfg = Release|iOS
		{5B12E51B-E1C4-45E8-8E34-A0BC89182639}.Release|iOS.Build.0 = Release|iOS
		{5B12E51B-E1C4-45E8-8E34-A0BC89182639}.Release|iOS.Deploy.0 = Release|iOS
		{5B12E51B-E1C4-45E8-8E34-A0BC89182639}.Release|Mixed Platforms.ActiveCfg = Release|Android
		{5B12E51B-E1C4-45E8-8E34-A0BC89182639}.Release|Mixed Platforms.Build.0 = Release|Android
		{5B12E51B-E1C4-45E8-8E34-A0BC89182639}.Release|Mixed Platforms.Deploy.0 = Release|Android
		{5B12E51B-E1C4-45E8-8E34-A0BC89182639}.Release|Windows Phone.ActiveCfg = Release|Windows Phone
		{5B12E51B-E1C4-45E8-8E34-A0BC89182639}.Release|Windows Phone.Build.0 = Release|Windows Phone
		{5B12E51B-E1C4-45E8-8E34-A0BC89182639}.Release|Windows Phone.Deploy.0 = Release|Windows Phone
		{5B12E51B-E1C4-45E8-8E34-A0BC89182639}.Release|Windows-AnyCPU.ActiveCfg = Release|Windows-AnyCPU
		{5B12E51B-E1C4-45E8-8E34-A0BC89182639}.Release|Windows-AnyCPU.Build.0 = Release|Windows-AnyCPU
		{5B12E51B-E1C4-45E8-8E34-A0BC89182639}.Release|Windows-AnyCPU.Deploy.0 = Release|Windows-AnyCPU
		{5B12E51B-E1C4-45E8-8E34-A0BC89182639}.Release|Windows-ARM.ActiveCfg = Release|Windows-ARM
		{5B12E51B-E1C4-45E8-8E34-A0BC89182639}.Release|Windows-ARM.Build.0 = Release|Windows-ARM
		{5B12E51B-E1C4-45E8-8E34-A0BC89182639}.Release|Windows-ARM.Deploy.0 = Release|Windows-ARM
		{5B12E51B-E1C4-45E8-8E34-A0BC89182639}.Release|Windows-x64.ActiveCfg = Release|Windows-x64
		{5B12E51B-E1C4-45E8-8E34-A0BC89182639}.Release|Windows-x64.Build.0 = Release|Windows-x64
		{5B12E51B-E1C4-45E8-8E34-A0BC89182639}.Release|Windows-x64.Deploy.0 = Release|Windows-x64
		{5B12E51B-E1C4-45E8-8E34-A0BC89182639}.Release|Windows-x86.ActiveCfg = Release|Windows-x86
		{5B12E51B-E1C4-45E8-8E34-A0BC89182639}.Release|Windows-x86.Build.0 = Release|Windows-x86
		{5B12E51B-E1C4-45E8-8E34-A0BC89182639}.Release|Windows-x86.Deploy.0 = Release|Windows-x86
		{63DA16A5-AE27-442B-B0E3-828FA48EE7F5}.Debug|.NET.ActiveCfg = Release|.NET
		{63DA16A5-AE27-442B-B0E3-828FA48EE7F5}.Debug|.NET.Build.0 = Release|.NET
		{63DA16A5-AE27-442B-B0E3-828FA48EE7F5}.Debug|Android.ActiveCfg = Release|.NET
		{63DA16A5-AE27-442B-B0E3-828FA48EE7F5}.Debug|iOS.ActiveCfg = Release|.NET
		{63DA16A5-AE27-442B-B0E3-828FA48EE7F5}.Debug|Mixed Platforms.ActiveCfg = Release|.NET
		{63DA16A5-AE27-442B-B0E3-828FA48EE7F5}.Debug|Mixed Platforms.Build.0 = Release|.NET
		{63DA16A5-AE27-442B-B0E3-828FA48EE7F5}.Debug|Windows Phone.ActiveCfg = Release|.NET
		{63DA16A5-AE27-442B-B0E3-828FA48EE7F5}.Debug|Windows-AnyCPU.ActiveCfg = Release|.NET
		{63DA16A5-AE27-442B-B0E3-828FA48EE7F5}.Debug|Windows-ARM.ActiveCfg = Release|.NET
		{63DA16A5-AE27-442B-B0E3-828FA48EE7F5}.Debug|Windows-x64.ActiveCfg = Release|.NET
		{63DA16A5-AE27-442B-B0E3-828FA48EE7F5}.Debug|Windows-x86.ActiveCfg = Release|.NET
		{63DA16A5-AE27-442B-B0E3-828FA48EE7F5}.Distribution|.NET.ActiveCfg = Release|.NET
		{63DA16A5-AE27-442B-B0E3-828FA48EE7F5}.Distribution|.NET.Build.0 = Release|.NET
		{63DA16A5-AE27-442B-B0E3-828FA48EE7F5}.Distribution|Android.ActiveCfg = Release|.NET
		{63DA16A5-AE27-442B-B0E3-828FA48EE7F5}.Distribution|iOS.ActiveCfg = Release|.NET
		{63DA16A5-AE27-442B-B0E3-828FA48EE7F5}.Distribution|Mixed Platforms.ActiveCfg = Release|.NET
		{63DA16A5-AE27-442B-B0E3-828FA48EE7F5}.Distribution|Mixed Platforms.Build.0 = Release|.NET
		{63DA16A5-AE27-442B-B0E3-828FA48EE7F5}.Distribution|Windows Phone.ActiveCfg = Release|.NET
		{63DA16A5-AE27-442B-B0E3-828FA48EE7F5}.Distribution|Windows-AnyCPU.ActiveCfg = Release|.NET
		{63DA16A5-AE27-442B-B0E3-828FA48EE7F5}.Distribution|Windows-ARM.ActiveCfg = Release|.NET
		{63DA16A5-AE27-442B-B0E3-828FA48EE7F5}.Distribution|Windows-x64.ActiveCfg = Release|.NET
		{63DA16A5-AE27-442B-B0E3-828FA48EE7F5}.Distribution|Windows-x86.ActiveCfg = Release|.NET
		{63DA16A5-AE27-442B-B0E3-828FA48EE7F5}.Release|.NET.ActiveCfg = Release|.NET
		{63DA16A5-AE27-442B-B0E3-828FA48EE7F5}.Release|.NET.Build.0 = Release|.NET
		{63DA16A5-AE27-442B-B0E3-828FA48EE7F5}.Release|Android.ActiveCfg = Release|.NET
		{63DA16A5-AE27-442B-B0E3-828FA48EE7F5}.Release|iOS.ActiveCfg = Release|.NET
		{63DA16A5-AE27-442B-B0E3-828FA48EE7F5}.Release|Mixed Platforms.ActiveCfg = Release|.NET
		{63DA16A5-AE27-442B-B0E3-828FA48EE7F5}.Release|Mixed Platforms.Build.0 = Release|.NET
		{63DA16A5-AE27-442B-B0E3-828FA48EE7F5}.Release|Windows Phone.ActiveCfg = Release|.NET
		{63DA16A5-AE27-442B-B0E3-828FA48EE7F5}.Release|Windows-AnyCPU.ActiveCfg = Release|.NET
		{63DA16A5-AE27-442B-B0E3-828FA48EE7F5}.Release|Windows-ARM.ActiveCfg = Release|.NET
		{63DA16A5-AE27-442B-B0E3-828FA48EE7F5}.Release|Windows-x64.ActiveCfg = Release|.NET
		{63DA16A5-AE27-442B-B0E3-828FA48EE7F5}.Release|Windows-x86.ActiveCfg = Release|.NET
	EndGlobalSection
	GlobalSection(SolutionProperties) = preSolution
		HideSolutionNode = FALSE
	EndGlobalSection
EndGlobal
